
Microsoft Visual Studio Solution File, Format Version 12.00
# Visual Studio Version 17
VisualStudioVersion = 17.11.35327.3
MinimumVisualStudioVersion = 10.0.40219.1
Project("{FAE04EC0-301F-11D3-BF4B-00C04F79EFBC}") = "San", "San\San.csproj", "{7C94B672-04B1-4EE2-99DC-13AEAF5E633E}"
EndProject
Global
	GlobalSection(SolutionConfigurationPlatforms) = preSolution
		Debug|Any CPU = Debug|Any CPU
		Release|Any CPU = Release|Any CPU
	EndGlobalSection
	GlobalSection(ProjectConfigurationPlatforms) = postSolution
		{7C94B672-04B1-4EE2-99DC-13AEAF5E633E}.Debug|Any CPU.ActiveCfg = Debug|Any CPU
		{7C94B672-04B1-4EE2-99DC-13AEAF5E633E}.Debug|Any CPU.Build.0 = Debug|Any CPU
		{7C94B672-04B1-4EE2-99DC-13AEAF5E633E}.Debug|Any CPU.Deploy.0 = Debug|Any CPU
		{7C94B672-04B1-4EE2-99DC-13AEAF5E633E}.Release|Any CPU.ActiveCfg = Release|Any CPU
		{7C94B672-04B1-4EE2-99DC-13AEAF5E633E}.Release|Any CPU.Build.0 = Release|Any CPU
		{7C94B672-04B1-4EE2-99DC-13AEAF5E633E}.Release|Any CPU.Deploy.0 = Release|Any CPU
	EndGlobalSection
	GlobalSection(SolutionProperties) = preSolution
		HideSolutionNode = FALSE
	EndGlobalSection
	GlobalSection(ExtensibilityGlobals) = postSolution
		SolutionGuid = {C4CC3CB6-6520-4F1A-B08D-87FA6B04935F}
	EndGlobalSection
EndGlobal
